
Microsoft Visual Studio Solution File, Format Version 12.00
# Visual Studio Version 17
VisualStudioVersion = 17.7.34202.233
MinimumVisualStudioVersion = 10.0.40219.1
Project("{9A19103F-16F7-4668-BE54-9A1E7A4F7556}") = "AutoMobileWinApp", "AutoMobileWinApp\AutoMobileWinApp.csproj", "{A0EFD65C-D7B6-461B-B299-42F535E0B94B}"
EndProject
Project("{FAE04EC0-301F-11D3-BF4B-00C04F79EFBC}") = "AutomobileLibrary", "AutomobileLibrary\AutomobileLibrary.csproj", "{74C496AD-CF18-4991-8135-9C9EEB92C09F}"
EndProject
Global
	GlobalSection(SolutionConfigurationPlatforms) = preSolution
		Debug|Any CPU = Debug|Any CPU
		Release|Any CPU = Release|Any CPU
	EndGlobalSection
	GlobalSection(ProjectConfigurationPlatforms) = postSolution
		{A0EFD65C-D7B6-461B-B299-42F535E0B94B}.Debug|Any CPU.ActiveCfg = Debug|Any CPU
		{A0EFD65C-D7B6-461B-B299-42F535E0B94B}.Debug|Any CPU.Build.0 = Debug|Any CPU
		{A0EFD65C-D7B6-461B-B299-42F535E0B94B}.Release|Any CPU.ActiveCfg = Release|Any CPU
		{A0EFD65C-D7B6-461B-B299-42F535E0B94B}.Release|Any CPU.Build.0 = Release|Any CPU
		{74C496AD-CF18-4991-8135-9C9EEB92C09F}.Debug|Any CPU.ActiveCfg = Debug|Any CPU
		{74C496AD-CF18-4991-8135-9C9EEB92C09F}.Debug|Any CPU.Build.0 = Debug|Any CPU
		{74C496AD-CF18-4991-8135-9C9EEB92C09F}.Release|Any CPU.ActiveCfg = Release|Any CPU
		{74C496AD-CF18-4991-8135-9C9EEB92C09F}.Release|Any CPU.Build.0 = Release|Any CPU
	EndGlobalSection
	GlobalSection(SolutionProperties) = preSolution
		HideSolutionNode = FALSE
	EndGlobalSection
	GlobalSection(ExtensibilityGlobals) = postSolution
		SolutionGuid = {9FC29A4A-FA1F-4814-BFC2-DAB0114D5648}
	EndGlobalSection
EndGlobal
